// !$*UTF8*$!
{
	archiveVersion = 1;
	classes = {
	};
	objectVersion = 56;
	objects = {

/* Begin PBXBuildFile section */
		AD11FD1929D5B73100FF360C /* WeatherApp.swift in Sources */ = {isa = PBXBuildFile; fileRef = AD11FD1829D5B73100FF360C /* WeatherApp.swift */; };
		AD11FD1B29D5B73100FF360C /* ContentView.swift in Sources */ = {isa = PBXBuildFile; fileRef = AD11FD1A29D5B73100FF360C /* ContentView.swift */; };
		AD11FD1D29D5B73200FF360C /* Assets.xcassets in Resources */ = {isa = PBXBuildFile; fileRef = AD11FD1C29D5B73200FF360C /* Assets.xcassets */; };
		AD11FD2029D5B73200FF360C /* Preview Assets.xcassets in Resources */ = {isa = PBXBuildFile; fileRef = AD11FD1F29D5B73200FF360C /* Preview Assets.xcassets */; };
		AD11FD2A29D5B7F900FF360C /* NavBar.swift in Sources */ = {isa = PBXBuildFile; fileRef = AD11FD2929D5B7F900FF360C /* NavBar.swift */; };
		AD11FD2C29D5B84000FF360C /* CityView.swift in Sources */ = {isa = PBXBuildFile; fileRef = AD11FD2B29D5B84000FF360C /* CityView.swift */; };
		AD11FD3129D5D53D00FF360C /* WeatherNowView.swift in Sources */ = {isa = PBXBuildFile; fileRef = AD11FD3029D5D53D00FF360C /* WeatherNowView.swift */; };
		AD11FD3329D5D55A00FF360C /* HourlySummaryView.swift in Sources */ = {isa = PBXBuildFile; fileRef = AD11FD3229D5D55A00FF360C /* HourlySummaryView.swift */; };
		AD11FD3529D5D58700FF360C /* ForecastView.swift in Sources */ = {isa = PBXBuildFile; fileRef = AD11FD3429D5D58700FF360C /* ForecastView.swift */; };
		AD11FD3729D5D5A300FF360C /* PollutionView.swift in Sources */ = {isa = PBXBuildFile; fileRef = AD11FD3629D5D5A300FF360C /* PollutionView.swift */; };
		AD11FD3929D6E5B200FF360C /* HourlySummary.swift in Sources */ = {isa = PBXBuildFile; fileRef = AD11FD3829D6E5B200FF360C /* HourlySummary.swift */; };
		AD11FD3D29D6E8BD00FF360C /* DataModel.swift in Sources */ = {isa = PBXBuildFile; fileRef = AD11FD3C29D6E8BD00FF360C /* DataModel.swift */; };
		AD11FD4029D6E97200FF360C /* Structures.swift in Sources */ = {isa = PBXBuildFile; fileRef = AD11FD3F29D6E97200FF360C /* Structures.swift */; };
		AD11FD4B29D6F0E300FF360C /* NewLocationView.swift in Sources */ = {isa = PBXBuildFile; fileRef = AD11FD4A29D6F0E300FF360C /* NewLocationView.swift */; };
		AD11FD4D29D6F18D00FF360C /* LocationHelper.swift in Sources */ = {isa = PBXBuildFile; fileRef = AD11FD4C29D6F18D00FF360C /* LocationHelper.swift */; };
		AD11FD4F29D6F1A100FF360C /* WindDirectionHelper.swift in Sources */ = {isa = PBXBuildFile; fileRef = AD11FD4E29D6F1A100FF360C /* WindDirectionHelper.swift */; };
		AD11FD5129D6FED700FF360C /* london.json in Resources */ = {isa = PBXBuildFile; fileRef = AD11FD4329D6E9A400FF360C /* london.json */; };
/* End PBXBuildFile section */

/* Begin PBXFileReference section */
		AD11FD1529D5B73100FF360C /* WeatherApp.app */ = {isa = PBXFileReference; explicitFileType = wrapper.application; includeInIndex = 0; path = WeatherApp.app; sourceTree = BUILT_PRODUCTS_DIR; };
		AD11FD1829D5B73100FF360C /* WeatherApp.swift */ = {isa = PBXFileReference; lastKnownFileType = sourcecode.swift; path = WeatherApp.swift; sourceTree = "<group>"; };
		AD11FD1A29D5B73100FF360C /* ContentView.swift */ = {isa = PBXFileReference; lastKnownFileType = sourcecode.swift; path = ContentView.swift; sourceTree = "<group>"; };
		AD11FD1C29D5B73200FF360C /* Assets.xcassets */ = {isa = PBXFileReference; lastKnownFileType = folder.assetcatalog; path = Assets.xcassets; sourceTree = "<group>"; };
		AD11FD1F29D5B73200FF360C /* Preview Assets.xcassets */ = {isa = PBXFileReference; lastKnownFileType = folder.assetcatalog; path = "Preview Assets.xcassets"; sourceTree = "<group>"; };
		AD11FD2929D5B7F900FF360C /* NavBar.swift */ = {isa = PBXFileReference; lastKnownFileType = sourcecode.swift; path = NavBar.swift; sourceTree = "<group>"; };
		AD11FD2B29D5B84000FF360C /* CityView.swift */ = {isa = PBXFileReference; lastKnownFileType = sourcecode.swift; path = CityView.swift; sourceTree = "<group>"; };
		AD11FD3029D5D53D00FF360C /* WeatherNowView.swift */ = {isa = PBXFileReference; lastKnownFileType = sourcecode.swift; path = WeatherNowView.swift; sourceTree = "<group>"; };
		AD11FD3229D5D55A00FF360C /* HourlySummaryView.swift */ = {isa = PBXFileReference; lastKnownFileType = sourcecode.swift; path = HourlySummaryView.swift; sourceTree = "<group>"; };
		AD11FD3429D5D58700FF360C /* ForecastView.swift */ = {isa = PBXFileReference; lastKnownFileType = sourcecode.swift; path = ForecastView.swift; sourceTree = "<group>"; };
		AD11FD3629D5D5A300FF360C /* PollutionView.swift */ = {isa = PBXFileReference; lastKnownFileType = sourcecode.swift; path = PollutionView.swift; sourceTree = "<group>"; };
		AD11FD3829D6E5B200FF360C /* HourlySummary.swift */ = {isa = PBXFileReference; lastKnownFileType = sourcecode.swift; path = HourlySummary.swift; sourceTree = "<group>"; };
		AD11FD3C29D6E8BD00FF360C /* DataModel.swift */ = {isa = PBXFileReference; lastKnownFileType = sourcecode.swift; path = DataModel.swift; sourceTree = "<group>"; };
		AD11FD3F29D6E97200FF360C /* Structures.swift */ = {isa = PBXFileReference; fileEncoding = 4; lastKnownFileType = sourcecode.swift; name = Structures.swift; path = ../../../CWK2Starter/CourseWork2Starter/WeatherModel/Structures.swift; sourceTree = "<group>"; };
		AD11FD4329D6E9A400FF360C /* london.json */ = {isa = PBXFileReference; lastKnownFileType = text.json; path = london.json; sourceTree = "<group>"; };
		AD11FD4A29D6F0E300FF360C /* NewLocationView.swift */ = {isa = PBXFileReference; lastKnownFileType = sourcecode.swift; path = NewLocationView.swift; sourceTree = "<group>"; };
		AD11FD4C29D6F18D00FF360C /* LocationHelper.swift */ = {isa = PBXFileReference; lastKnownFileType = sourcecode.swift; path = LocationHelper.swift; sourceTree = "<group>"; };
		AD11FD4E29D6F1A100FF360C /* WindDirectionHelper.swift */ = {isa = PBXFileReference; lastKnownFileType = sourcecode.swift; path = WindDirectionHelper.swift; sourceTree = "<group>"; };
/* End PBXFileReference section */

/* Begin PBXFrameworksBuildPhase section */
		AD11FD1229D5B73100FF360C /* Frameworks */ = {
			isa = PBXFrameworksBuildPhase;
			buildActionMask = 2147483647;
			files = (
			);
			runOnlyForDeploymentPostprocessing = 0;
		};
/* End PBXFrameworksBuildPhase section */

/* Begin PBXGroup section */
		AD11FD0C29D5B73100FF360C = {
			isa = PBXGroup;
			children = (
				AD11FD1729D5B73100FF360C /* WeatherApp */,
				AD11FD1629D5B73100FF360C /* Products */,
			);
			sourceTree = "<group>";
		};
		AD11FD1629D5B73100FF360C /* Products */ = {
			isa = PBXGroup;
			children = (
				AD11FD1529D5B73100FF360C /* WeatherApp.app */,
			);
			name = Products;
			sourceTree = "<group>";
		};
		AD11FD1729D5B73100FF360C /* WeatherApp */ = {
			isa = PBXGroup;
			children = (
				AD11FD5029D6F1AE00FF360C /* Misc */,
				AD11FD4429D6EA4F00FF360C /* Models */,
				AD11FD3E29D6E8CB00FF360C /* WeatherModels */,
				AD11FD2E29D5BEA300FF360C /* Resources */,
				AD11FD2D29D5BE9900FF360C /* Helpers */,
				AD11FD2629D5B79200FF360C /* Views */,
				AD11FD1A29D5B73100FF360C /* ContentView.swift */,
				AD11FD1829D5B73100FF360C /* WeatherApp.swift */,
				AD11FD1C29D5B73200FF360C /* Assets.xcassets */,
				AD11FD1E29D5B73200FF360C /* Preview Content */,
			);
			path = WeatherApp;
			sourceTree = "<group>";
		};
		AD11FD1E29D5B73200FF360C /* Preview Content */ = {
			isa = PBXGroup;
			children = (
				AD11FD1F29D5B73200FF360C /* Preview Assets.xcassets */,
			);
			path = "Preview Content";
			sourceTree = "<group>";
		};
		AD11FD2629D5B79200FF360C /* Views */ = {
			isa = PBXGroup;
			children = (
				AD11FD2929D5B7F900FF360C /* NavBar.swift */,
				AD11FD2B29D5B84000FF360C /* CityView.swift */,
				AD11FD3029D5D53D00FF360C /* WeatherNowView.swift */,
				AD11FD3229D5D55A00FF360C /* HourlySummaryView.swift */,
				AD11FD3429D5D58700FF360C /* ForecastView.swift */,
				AD11FD3629D5D5A300FF360C /* PollutionView.swift */,
				AD11FD4A29D6F0E300FF360C /* NewLocationView.swift */,
			);
			path = Views;
			sourceTree = "<group>";
		};
		AD11FD2D29D5BE9900FF360C /* Helpers */ = {
			isa = PBXGroup;
			children = (
				AD11FD4C29D6F18D00FF360C /* LocationHelper.swift */,
				AD11FD4E29D6F1A100FF360C /* WindDirectionHelper.swift */,
			);
			path = Helpers;
			sourceTree = "<group>";
		};
		AD11FD2E29D5BEA300FF360C /* Resources */ = {
			isa = PBXGroup;
			children = (
				AD11FD4329D6E9A400FF360C /* london.json */,
			);
			path = Resources;
			sourceTree = "<group>";
		};
		AD11FD3E29D6E8CB00FF360C /* WeatherModels */ = {
			isa = PBXGroup;
			children = (
				AD11FD3F29D6E97200FF360C /* Structures.swift */,
				AD11FD3C29D6E8BD00FF360C /* DataModel.swift */,
			);
			path = WeatherModels;
			sourceTree = "<group>";
		};
		AD11FD4429D6EA4F00FF360C /* Models */ = {
			isa = PBXGroup;
			children = (
			);
			path = Models;
			sourceTree = "<group>";
		};
		AD11FD5029D6F1AE00FF360C /* Misc */ = {
			isa = PBXGroup;
			children = (
				AD11FD3829D6E5B200FF360C /* HourlySummary.swift */,
			);
			path = Misc;
			sourceTree = "<group>";
		};
/* End PBXGroup section */

/* Begin PBXNativeTarget section */
		AD11FD1429D5B73100FF360C /* WeatherApp */ = {
			isa = PBXNativeTarget;
			buildConfigurationList = AD11FD2329D5B73200FF360C /* Build configuration list for PBXNativeTarget "WeatherApp" */;
			buildPhases = (
				AD11FD1129D5B73100FF360C /* Sources */,
				AD11FD1229D5B73100FF360C /* Frameworks */,
				AD11FD1329D5B73100FF360C /* Resources */,
			);
			buildRules = (
			);
			dependencies = (
			);
			name = WeatherApp;
			productName = WeatherApp;
			productReference = AD11FD1529D5B73100FF360C /* WeatherApp.app */;
			productType = "com.apple.product-type.application";
		};
/* End PBXNativeTarget section */

/* Begin PBXProject section */
		AD11FD0D29D5B73100FF360C /* Project object */ = {
			isa = PBXProject;
			attributes = {
				BuildIndependentTargetsInParallel = 1;
				LastSwiftUpdateCheck = 1420;
				LastUpgradeCheck = 1420;
				TargetAttributes = {
					AD11FD1429D5B73100FF360C = {
						CreatedOnToolsVersion = 14.2;
					};
				};
			};
			buildConfigurationList = AD11FD1029D5B73100FF360C /* Build configuration list for PBXProject "WeatherApp" */;
			compatibilityVersion = "Xcode 14.0";
			developmentRegion = en;
			hasScannedForEncodings = 0;
			knownRegions = (
				en,
				Base,
			);
			mainGroup = AD11FD0C29D5B73100FF360C;
			productRefGroup = AD11FD1629D5B73100FF360C /* Products */;
			projectDirPath = "";
			projectRoot = "";
			targets = (
				AD11FD1429D5B73100FF360C /* WeatherApp */,
			);
		};
/* End PBXProject section */

/* Begin PBXResourcesBuildPhase section */
		AD11FD1329D5B73100FF360C /* Resources */ = {
			isa = PBXResourcesBuildPhase;
			buildActionMask = 2147483647;
			files = (
				AD11FD5129D6FED700FF360C /* london.json in Resources */,
				AD11FD2029D5B73200FF360C /* Preview Assets.xcassets in Resources */,
				AD11FD1D29D5B73200FF360C /* Assets.xcassets in Resources */,
			);
			runOnlyForDeploymentPostprocessing = 0;
		};
/* End PBXResourcesBuildPhase section */

/* Begin PBXSourcesBuildPhase section */
		AD11FD1129D5B73100FF360C /* Sources */ = {
			isa = PBXSourcesBuildPhase;
			buildActionMask = 2147483647;
			files = (
				AD11FD3329D5D55A00FF360C /* HourlySummaryView.swift in Sources */,
				AD11FD3929D6E5B200FF360C /* HourlySummary.swift in Sources */,
				AD11FD3129D5D53D00FF360C /* WeatherNowView.swift in Sources */,
				AD11FD1B29D5B73100FF360C /* ContentView.swift in Sources */,
				AD11FD2C29D5B84000FF360C /* CityView.swift in Sources */,
				AD11FD4F29D6F1A100FF360C /* WindDirectionHelper.swift in Sources */,
				AD11FD3529D5D58700FF360C /* ForecastView.swift in Sources */,
				AD11FD4B29D6F0E300FF360C /* NewLocationView.swift in Sources */,
				AD11FD4D29D6F18D00FF360C /* LocationHelper.swift in Sources */,
				AD11FD2A29D5B7F900FF360C /* NavBar.swift in Sources */,
				AD11FD4029D6E97200FF360C /* Structures.swift in Sources */,
				AD11FD3D29D6E8BD00FF360C /* DataModel.swift in Sources */,
				AD11FD1929D5B73100FF360C /* WeatherApp.swift in Sources */,
				AD11FD3729D5D5A300FF360C /* PollutionView.swift in Sources */,
			);
			runOnlyForDeploymentPostprocessing = 0;
		};
/* End PBXSourcesBuildPhase section */

/* Begin XCBuildConfiguration section */
		AD11FD2129D5B73200FF360C /* Debug */ = {
			isa = XCBuildConfiguration;
			buildSettings = {
				ALWAYS_SEARCH_USER_PATHS = NO;
				CLANG_ANALYZER_NONNULL = YES;
				CLANG_ANALYZER_NUMBER_OBJECT_CONVERSION = YES_AGGRESSIVE;
				CLANG_CXX_LANGUAGE_STANDARD = "gnu++20";
				CLANG_ENABLE_MODULES = YES;
				CLANG_ENABLE_OBJC_ARC = YES;
				CLANG_ENABLE_OBJC_WEAK = YES;
				CLANG_WARN_BLOCK_CAPTURE_AUTORELEASING = YES;
				CLANG_WARN_BOOL_CONVERSION = YES;
				CLANG_WARN_COMMA = YES;
				CLANG_WARN_CONSTANT_CONVERSION = YES;
				CLANG_WARN_DEPRECATED_OBJC_IMPLEMENTATIONS = YES;
				CLANG_WARN_DIRECT_OBJC_ISA_USAGE = YES_ERROR;
				CLANG_WARN_DOCUMENTATION_COMMENTS = YES;
				CLANG_WARN_EMPTY_BODY = YES;
				CLANG_WARN_ENUM_CONVERSION = YES;
				CLANG_WARN_INFINITE_RECURSION = YES;
				CLANG_WARN_INT_CONVERSION = YES;
				CLANG_WARN_NON_LITERAL_NULL_CONVERSION = YES;
				CLANG_WARN_OBJC_IMPLICIT_RETAIN_SELF = YES;
				CLANG_WARN_OBJC_LITERAL_CONVERSION = YES;
				CLANG_WARN_OBJC_ROOT_CLASS = YES_ERROR;
				CLANG_WARN_QUOTED_INCLUDE_IN_FRAMEWORK_HEADER = YES;
				CLANG_WARN_RANGE_LOOP_ANALYSIS = YES;
				CLANG_WARN_STRICT_PROTOTYPES = YES;
				CLANG_WARN_SUSPICIOUS_MOVE = YES;
				CLANG_WARN_UNGUARDED_AVAILABILITY = YES_AGGRESSIVE;
				CLANG_WARN_UNREACHABLE_CODE = YES;
				CLANG_WARN__DUPLICATE_METHOD_MATCH = YES;
				COPY_PHASE_STRIP = NO;
				DEBUG_INFORMATION_FORMAT = dwarf;
				ENABLE_STRICT_OBJC_MSGSEND = YES;
				ENABLE_TESTABILITY = YES;
				GCC_C_LANGUAGE_STANDARD = gnu11;
				GCC_DYNAMIC_NO_PIC = NO;
				GCC_NO_COMMON_BLOCKS = YES;
				GCC_OPTIMIZATION_LEVEL = 0;
				GCC_PREPROCESSOR_DEFINITIONS = (
					"DEBUG=1",
					"$(inherited)",
				);
				GCC_WARN_64_TO_32_BIT_CONVERSION = YES;
				GCC_WARN_ABOUT_RETURN_TYPE = YES_ERROR;
				GCC_WARN_UNDECLARED_SELECTOR = YES;
				GCC_WARN_UNINITIALIZED_AUTOS = YES_AGGRESSIVE;
				GCC_WARN_UNUSED_FUNCTION = YES;
				GCC_WARN_UNUSED_VARIABLE = YES;
				IPHONEOS_DEPLOYMENT_TARGET = 16.2;
				MTL_ENABLE_DEBUG_INFO = INCLUDE_SOURCE;
				MTL_FAST_MATH = YES;
				ONLY_ACTIVE_ARCH = YES;
				SDKROOT = iphoneos;
				SWIFT_ACTIVE_COMPILATION_CONDITIONS = DEBUG;
				SWIFT_OPTIMIZATION_LEVEL = "-Onone";
			};
			name = Debug;
		};
		AD11FD2229D5B73200FF360C /* Release */ = {
			isa = XCBuildConfiguration;
			buildSettings = {
				ALWAYS_SEARCH_USER_PATHS = NO;
				CLANG_ANALYZER_NONNULL = YES;
				CLANG_ANALYZER_NUMBER_OBJECT_CONVERSION = YES_AGGRESSIVE;
				CLANG_CXX_LANGUAGE_STANDARD = "gnu++20";
				CLANG_ENABLE_MODULES = YES;
				CLANG_ENABLE_OBJC_ARC = YES;
				CLANG_ENABLE_OBJC_WEAK = YES;
				CLANG_WARN_BLOCK_CAPTURE_AUTORELEASING = YES;
				CLANG_WARN_BOOL_CONVERSION = YES;
				CLANG_WARN_COMMA = YES;
				CLANG_WARN_CONSTANT_CONVERSION = YES;
				CLANG_WARN_DEPRECATED_OBJC_IMPLEMENTATIONS = YES;
				CLANG_WARN_DIRECT_OBJC_ISA_USAGE = YES_ERROR;
				CLANG_WARN_DOCUMENTATION_COMMENTS = YES;
				CLANG_WARN_EMPTY_BODY = YES;
				CLANG_WARN_ENUM_CONVERSION = YES;
				CLANG_WARN_INFINITE_RECURSION = YES;
				CLANG_WARN_INT_CONVERSION = YES;
				CLANG_WARN_NON_LITERAL_NULL_CONVERSION = YES;
				CLANG_WARN_OBJC_IMPLICIT_RETAIN_SELF = YES;
				CLANG_WARN_OBJC_LITERAL_CONVERSION = YES;
				CLANG_WARN_OBJC_ROOT_CLASS = YES_ERROR;
				CLANG_WARN_QUOTED_INCLUDE_IN_FRAMEWORK_HEADER = YES;
				CLANG_WARN_RANGE_LOOP_ANALYSIS = YES;
				CLANG_WARN_STRICT_PROTOTYPES = YES;
				CLANG_WARN_SUSPICIOUS_MOVE = YES;
				CLANG_WARN_UNGUARDED_AVAILABILITY = YES_AGGRESSIVE;
				CLANG_WARN_UNREACHABLE_CODE = YES;
				CLANG_WARN__DUPLICATE_METHOD_MATCH = YES;
				COPY_PHASE_STRIP = NO;
				DEBUG_INFORMATION_FORMAT = "dwarf-with-dsym";
				ENABLE_NS_ASSERTIONS = NO;
				ENABLE_STRICT_OBJC_MSGSEND = YES;
				GCC_C_LANGUAGE_STANDARD = gnu11;
				GCC_NO_COMMON_BLOCKS = YES;
				GCC_WARN_64_TO_32_BIT_CONVERSION = YES;
				GCC_WARN_ABOUT_RETURN_TYPE = YES_ERROR;
				GCC_WARN_UNDECLARED_SELECTOR = YES;
				GCC_WARN_UNINITIALIZED_AUTOS = YES_AGGRESSIVE;
				GCC_WARN_UNUSED_FUNCTION = YES;
				GCC_WARN_UNUSED_VARIABLE = YES;
				IPHONEOS_DEPLOYMENT_TARGET = 16.2;
				MTL_ENABLE_DEBUG_INFO = NO;
				MTL_FAST_MATH = YES;
				SDKROOT = iphoneos;
				SWIFT_COMPILATION_MODE = wholemodule;
				SWIFT_OPTIMIZATION_LEVEL = "-O";
				VALIDATE_PRODUCT = YES;
			};
			name = Release;
		};
		AD11FD2429D5B73200FF360C /* Debug */ = {
			isa = XCBuildConfiguration;
			buildSettings = {
				ASSETCATALOG_COMPILER_APPICON_NAME = AppIcon;
				ASSETCATALOG_COMPILER_GLOBAL_ACCENT_COLOR_NAME = AccentColor;
				CODE_SIGN_STYLE = Automatic;
				CURRENT_PROJECT_VERSION = 1;
				DEVELOPMENT_ASSET_PATHS = "\"WeatherApp/Preview Content\"";
				ENABLE_PREVIEWS = YES;
				GENERATE_INFOPLIST_FILE = YES;
				INFOPLIST_KEY_UIApplicationSceneManifest_Generation = YES;
				INFOPLIST_KEY_UIApplicationSupportsIndirectInputEvents = YES;
				INFOPLIST_KEY_UILaunchScreen_Generation = YES;
				INFOPLIST_KEY_UISupportedInterfaceOrientations_iPad = "UIInterfaceOrientationPortrait UIInterfaceOrientationPortraitUpsideDown UIInterfaceOrientationLandscapeLeft UIInterfaceOrientationLandscapeRight";
				INFOPLIST_KEY_UISupportedInterfaceOrientations_iPhone = "UIInterfaceOrientationPortrait UIInterfaceOrientationLandscapeLeft UIInterfaceOrientationLandscapeRight";
				LD_RUNPATH_SEARCH_PATHS = (
					"$(inherited)",
					"@executable_path/Frameworks",
				);
				MARKETING_VERSION = 1.0;
				PRODUCT_BUNDLE_IDENTIFIER = catalin.toderascu.WeatherApp;
				PRODUCT_NAME = "$(TARGET_NAME)";
				SWIFT_EMIT_LOC_STRINGS = YES;
				SWIFT_VERSION = 5.0;
				TARGETED_DEVICE_FAMILY = "1,2";
			};
			name = Debug;
		};
		AD11FD2529D5B73200FF360C /* Release */ = {
			isa = XCBuildConfiguration;
			buildSettings = {
				ASSETCATALOG_COMPILER_APPICON_NAME = AppIcon;
				ASSETCATALOG_COMPILER_GLOBAL_ACCENT_COLOR_NAME = AccentColor;
				CODE_SIGN_STYLE = Automatic;
				CURRENT_PROJECT_VERSION = 1;
				DEVELOPMENT_ASSET_PATHS = "\"WeatherApp/Preview Content\"";
				ENABLE_PREVIEWS = YES;
				GENERATE_INFOPLIST_FILE = YES;
				INFOPLIST_KEY_UIApplicationSceneManifest_Generation = YES;
				INFOPLIST_KEY_UIApplicationSupportsIndirectInputEvents = YES;
				INFOPLIST_KEY_UILaunchScreen_Generation = YES;
				INFOPLIST_KEY_UISupportedInterfaceOrientations_iPad = "UIInterfaceOrientationPortrait UIInterfaceOrientationPortraitUpsideDown UIInterfaceOrientationLandscapeLeft UIInterfaceOrientationLandscapeRight";
				INFOPLIST_KEY_UISupportedInterfaceOrientations_iPhone = "UIInterfaceOrientationPortrait UIInterfaceOrientationLandscapeLeft UIInterfaceOrientationLandscapeRight";
				LD_RUNPATH_SEARCH_PATHS = (
					"$(inherited)",
					"@executable_path/Frameworks",
				);
				MARKETING_VERSION = 1.0;
				PRODUCT_BUNDLE_IDENTIFIER = catalin.toderascu.WeatherApp;
				PRODUCT_NAME = "$(TARGET_NAME)";
				SWIFT_EMIT_LOC_STRINGS = YES;
				SWIFT_VERSION = 5.0;
				TARGETED_DEVICE_FAMILY = "1,2";
			};
			name = Release;
		};
/* End XCBuildConfiguration section */

/* Begin XCConfigurationList section */
		AD11FD1029D5B73100FF360C /* Build configuration list for PBXProject "WeatherApp" */ = {
			isa = XCConfigurationList;
			buildConfigurations = (
				AD11FD2129D5B73200FF360C /* Debug */,
				AD11FD2229D5B73200FF360C /* Release */,
			);
			defaultConfigurationIsVisible = 0;
			defaultConfigurationName = Release;
		};
		AD11FD2329D5B73200FF360C /* Build configuration list for PBXNativeTarget "WeatherApp" */ = {
			isa = XCConfigurationList;
			buildConfigurations = (
				AD11FD2429D5B73200FF360C /* Debug */,
				AD11FD2529D5B73200FF360C /* Release */,
			);
			defaultConfigurationIsVisible = 0;
			defaultConfigurationName = Release;
		};
/* End XCConfigurationList section */
	};
	rootObject = AD11FD0D29D5B73100FF360C /* Project object */;
}
